{
  "requires": true,
  "lockfileVersion": 1,
  "dependencies": {
    "jquery": {
      "version": "1.11.3",
      "resolved": "https://registry.npmjs.org/jquery/-/jquery-1.11.3.tgz",
      "integrity": "sha1-3Yt0J4snEC0p32Pq4oMIqM+htYM="
    },
    "print-js": {
      "version": "1.0.24",
      "resolved": "https://registry.npmjs.org/print-js/-/print-js-1.0.24.tgz",
      "integrity": "sha512-EpLqhpkDCl8gWJg/YMU1m161hVcifPahhYgBnzBxj4cOuNbLolqJlp88eDAFq8ElxtfiKRxMB7zHIi3h51PKJg=="
    },
    "print-this": {
      "version": "1.12.0",
      "resolved": "https://registry.npmjs.org/print-this/-/print-this-1.12.0.tgz",
      "integrity": "sha1-LEctMtfU3MzQLZKAilqNeEHD47c=",
      "requires": {
        "jquery": "1.11.3"
      }
    }
  }
}
